PODS:
  - Flutter (1.0.0)
  - output_route_selector (1.0.1):
    - Flutter

DEPENDENCIES:
  - Flutter (from `Flutter`)
  - output_route_selector (from `.symlinks/plugins/output_route_selector/ios`)

EXTERNAL SOURCES:
  Flutter:
    :path: Flutter
  output_route_selector:
    :path: ".symlinks/plugins/output_route_selector/ios"

SPEC CHECKSUMS:
  Flutter: cabc95a1d2626b1b06e7179b784ebcf0c0cde467
  output_route_selector: 15a41e8416dadf45670f14be5d3670a89e72c23e

PODFILE CHECKSUM: 3c63482e143d1b91d2d2560aee9fb04ecc74ac7e

COCOAPODS: 1.16.2
